
Microsoft Visual Studio Solution File, Format Version 12.00
# Visual Studio Version 16
VisualStudioVersion = 16.0.31624.102
MinimumVisualStudioVersion = 10.0.40219.1
Project("{FAE04EC0-301F-11D3-BF4B-00C04F79EFBC}") = "fixCT", "fixCT\fixCT.csproj", "{9F0A6490-DDD2-442B-BFBF-EE40FCD88995}"
EndProject
Global
	GlobalSection(SolutionConfigurationPlatforms) = preSolution
		Debug|Any CPU = Debug|Any CPU
		Release|Any CPU = Release|Any CPU
	EndGlobalSection
	GlobalSection(ProjectConfigurationPlatforms) = postSolution
		{9F0A6490-DDD2-442B-BFBF-EE40FCD88995}.Debug|Any CPU.ActiveCfg = Debug|Any CPU
		{9F0A6490-DDD2-442B-BFBF-EE40FCD88995}.Debug|Any CPU.Build.0 = Debug|Any CPU
		{9F0A6490-DDD2-442B-BFBF-EE40FCD88995}.Release|Any CPU.ActiveCfg = Release|Any CPU
		{9F0A6490-DDD2-442B-BFBF-EE40FCD88995}.Release|Any CPU.Build.0 = Release|Any CPU
	EndGlobalSection
	GlobalSection(SolutionProperties) = preSolution
		HideSolutionNode = FALSE
	EndGlobalSection
	GlobalSection(ExtensibilityGlobals) = postSolution
		SolutionGuid = {73B1E45F-50BD-4E31-993A-3B55982B4EB4}
	EndGlobalSection
EndGlobal
